
Microsoft Visual Studio Solution File, Format Version 12.00
# Visual Studio Version 16
VisualStudioVersion = 16.0.30204.135
MinimumVisualStudioVersion = 10.0.40219.1
Project("{FAE04EC0-301F-11D3-BF4B-00C04F79EFBC}") = "Diplomado_MVC_USAD_Pelicula.Web", "Diplomado_MVC_USAD_Pelicula.Web\Diplomado_MVC_USAD_Pelicula.Web.csproj", "{13851A5C-4CB5-4742-82F5-C204C8A8BDF7}"
EndProject
Global
	GlobalSection(SolutionConfigurationPlatforms) = preSolution
		Debug|Any CPU = Debug|Any CPU
		Release|Any CPU = Release|Any CPU
	EndGlobalSection
	GlobalSection(ProjectConfigurationPlatforms) = postSolution
		{13851A5C-4CB5-4742-82F5-C204C8A8BDF7}.Debug|Any CPU.ActiveCfg = Debug|Any CPU
		{13851A5C-4CB5-4742-82F5-C204C8A8BDF7}.Debug|Any CPU.Build.0 = Debug|Any CPU
		{13851A5C-4CB5-4742-82F5-C204C8A8BDF7}.Release|Any CPU.ActiveCfg = Release|Any CPU
		{13851A5C-4CB5-4742-82F5-C204C8A8BDF7}.Release|Any CPU.Build.0 = Release|Any CPU
	EndGlobalSection
	GlobalSection(SolutionProperties) = preSolution
		HideSolutionNode = FALSE
	EndGlobalSection
	GlobalSection(ExtensibilityGlobals) = postSolution
		SolutionGuid = {41DA949A-1A02-4AB0-B0F1-6CC68EB19046}
	EndGlobalSection
EndGlobal
