
Microsoft Visual Studio Solution File, Format Version 12.00
# Visual Studio Version 16
VisualStudioVersion = 16.0.30204.135
MinimumVisualStudioVersion = 10.0.40219.1
Project("{FAE04EC0-301F-11D3-BF4B-00C04F79EFBC}") = "IP_Proyecto3_Registro_Persona", "IP_Proyecto3_Registro_Persona\IP_Proyecto3_Registro_Persona.csproj", "{26ADF0AE-DB13-4F3A-8EC4-47B47D5CD5EE}"
EndProject
Global
	GlobalSection(SolutionConfigurationPlatforms) = preSolution
		Debug|Any CPU = Debug|Any CPU
		Release|Any CPU = Release|Any CPU
	EndGlobalSection
	GlobalSection(ProjectConfigurationPlatforms) = postSolution
		{26ADF0AE-DB13-4F3A-8EC4-47B47D5CD5EE}.Debug|Any CPU.ActiveCfg = Debug|Any CPU
		{26ADF0AE-DB13-4F3A-8EC4-47B47D5CD5EE}.Debug|Any CPU.Build.0 = Debug|Any CPU
		{26ADF0AE-DB13-4F3A-8EC4-47B47D5CD5EE}.Release|Any CPU.ActiveCfg = Release|Any CPU
		{26ADF0AE-DB13-4F3A-8EC4-47B47D5CD5EE}.Release|Any CPU.Build.0 = Release|Any CPU
	EndGlobalSection
	GlobalSection(SolutionProperties) = preSolution
		HideSolutionNode = FALSE
	EndGlobalSection
	GlobalSection(ExtensibilityGlobals) = postSolution
		SolutionGuid = {9EE0ADFB-7E83-42EC-B72A-08D0BAC3E1B9}
	EndGlobalSection
EndGlobal
