
Microsoft Visual Studio Solution File, Format Version 12.00
# Visual Studio Version 16
VisualStudioVersion = 16.0.30204.135
MinimumVisualStudioVersion = 10.0.40219.1
Project("{FAE04EC0-301F-11D3-BF4B-00C04F79EFBC}") = "Proyecto1_Diplomado_Web_MVC_USAD.Web", "Proyecto1_Diplomado_Web_MVC_USAD.Web\Proyecto1_Diplomado_Web_MVC_USAD.Web.csproj", "{A1ABE1FF-E577-46B5-9439-733BCE0EBC2D}"
EndProject
Global
	GlobalSection(SolutionConfigurationPlatforms) = preSolution
		Debug|Any CPU = Debug|Any CPU
		Release|Any CPU = Release|Any CPU
	EndGlobalSection
	GlobalSection(ProjectConfigurationPlatforms) = postSolution
		{A1ABE1FF-E577-46B5-9439-733BCE0EBC2D}.Debug|Any CPU.ActiveCfg = Debug|Any CPU
		{A1ABE1FF-E577-46B5-9439-733BCE0EBC2D}.Debug|Any CPU.Build.0 = Debug|Any CPU
		{A1ABE1FF-E577-46B5-9439-733BCE0EBC2D}.Release|Any CPU.ActiveCfg = Release|Any CPU
		{A1ABE1FF-E577-46B5-9439-733BCE0EBC2D}.Release|Any CPU.Build.0 = Release|Any CPU
	EndGlobalSection
	GlobalSection(SolutionProperties) = preSolution
		HideSolutionNode = FALSE
	EndGlobalSection
	GlobalSection(ExtensibilityGlobals) = postSolution
		SolutionGuid = {8FC8B46D-4CA5-4904-9226-945DE657C08A}
	EndGlobalSection
EndGlobal
